# DO NOT EDIT MANUALLY - Managed by Fern Replay
version: "1.0"
generations:
  - commit_sha: d9585f475cedc00874d03702952349e986eda0e0
    tree_hash: 74fb011e1df2db4f703c9f0275bf56a3942a4976
    timestamp: 2026-08-21T04:34:26.051Z
    cli_version: unknown
    generator_versions: {}
current_generation: d9585f475cedc00874d03702952349e986eda0e0
patches: []
